{
  "nodes": {
    "flake-utils": {
      "locked": {
        "lastModified": 1652776076,
        "narHash": "sha256-gzTw/v1vj4dOVbpBSJX4J0DwUR6LIyXo7/SuuTJp1kM=",
        "owner": "numtide",
        "repo": "flake-utils",
        "rev": "04c1b180862888302ddfb2e3ad9eaa63afc60cf8",
        "type": "github"
      },
      "original": {
        "owner": "numtide",
        "ref": "v1.0.0",
        "repo": "flake-utils",
        "type": "github"
      }
    },
    "llzk-lib": {
      "inputs": {
        "flake-utils": [
          "llzk-pkgs",
          "flake-utils"
        ],
        "llzk-pkgs": [
          "llzk-pkgs"
        ],
        "nixpkgs": [
          "llzk-pkgs",
          "nixpkgs"
        ],
        "release-helpers": "release-helpers"
      },
      "locked": {
        "lastModified": 1788445517,
        "narHash": "sha256-VCGr2aNcvFFUk77z0xnXmCb3/H/o/tSIyvA8/DNZGg4=",
        "owner": "project-llzk",
        "repo": "llzk-lib",
        "rev": "265d68f678ab15018e3f6253b85557fbaeac9c0d",
        "type": "github"
      },
      "original": {
        "owner": "project-llzk",
        "repo": "llzk-lib",
        "type": "github"
      }
    },
    "llzk-pkgs": {
      "inputs": {
        "flake-utils": "flake-utils",
        "nixpkgs": "nixpkgs"
      },
      "locked": {
        "lastModified": 1787949457,
        "narHash": "sha256-uHQTBgwMVCkG9CkpN0mS30mJRnyo713Z6V5by8+sLJM=",
        "owner": "project-llzk",
        "repo": "llzk-nix-pkgs",
        "rev": "ca0cce92a0e1d334dd5c863b2e03f725a46ad171",
        "type": "github"
      },
      "original": {
        "owner": "project-llzk",
        "repo": "llzk-nix-pkgs",
        "type": "github"
      }
    },
    "nixpkgs": {
      "locked": {
        "lastModified": 1787814960,
        "narHash": "sha256-PYZq1qzCJXC2zGI0mH07vrZBsw6DRBAOX0jN1pPtqOQ=",
        "owner": "NixOS",
        "repo": "nixpkgs",
        "rev": "c27cdad491a991b11ed731760aa2ef8db0cb0410",
        "type": "github"
      },
      "original": {
        "owner": "NixOS",
        "ref": "nixpkgs-unstable",
        "repo": "nixpkgs",
        "type": "github"
      }
    },
    "release-helpers": {
      "inputs": {
        "flake-utils": [
          "llzk-lib",
          "llzk-pkgs",
          "flake-utils"
        ],
        "nixpkgs": [
          "llzk-lib",
          "llzk-pkgs",
          "nixpkgs"
        ]
      },
      "locked": {
        "lastModified": 1784668974,
        "narHash": "sha256-WjfX/vVZS9vyKpNuHqzwarjPpCGfkoNcJYFdUzB46+c=",
        "owner": "project-llzk",
        "repo": "open-source-release-helpers",
        "rev": "9566c25476fcea75c5e01a2aae42433de1b1c41a",
        "type": "github"
      },
      "original": {
        "owner": "project-llzk",
        "repo": "open-source-release-helpers",
        "type": "github"
      }
    },
    "root": {
      "inputs": {
        "flake-utils": [
          "llzk-pkgs",
          "flake-utils"
        ],
        "llzk-lib": "llzk-lib",
        "llzk-pkgs": "llzk-pkgs",
        "nixpkgs": [
          "llzk-pkgs",
          "nixpkgs"
        ],
        "release-helpers": [
          "llzk-lib",
          "release-helpers"
        ],
        "rust-overlay": "rust-overlay"
      }
    },
    "rust-overlay": {
      "inputs": {
        "nixpkgs": [
          "llzk-pkgs",
          "nixpkgs"
        ]
      },
      "locked": {
        "lastModified": 1787926460,
        "narHash": "sha256-Rf2+5+ACRsI0xBicCraxsBtfSaQ93Br0Nr22nWimkS4=",
        "owner": "oxalica",
        "repo": "rust-overlay",
        "rev": "04ceec130b3a935d01584d4b1a68a366919674a9",
        "type": "github"
      },
      "original": {
        "owner": "oxalica",
        "repo": "rust-overlay",
        "type": "github"
      }
    }
  },
  "root": "root",
  "version": 7
}
