{
  "nodes": {
    "flake-utils": {
      "locked": {
        "lastModified": 1652776076,
        "narHash": "sha256-gzTw/v1vj4dOVbpBSJX4J0DwUR6LIyXo7/SuuTJp1kM=",
        "owner": "numtide",
        "repo": "flake-utils",
        "rev": "04c1b180862888302ddfb2e3ad9eaa63afc60cf8",
        "type": "github"
      },
      "original": {
        "owner": "numtide",
        "ref": "v1.0.0",
        "repo": "flake-utils",
        "type": "github"
      }
    },
    "llzk-lib": {
      "inputs": {
        "flake-utils": [
          "llzk-pkgs",
          "flake-utils"
        ],
        "llzk-pkgs": [
          "llzk-pkgs"
        ],
        "nixpkgs": [
          "llzk-pkgs",
          "nixpkgs"
        ],
        "release-helpers": "release-helpers"
      },
      "locked": {
        "lastModified": 1790601098,
        "narHash": "sha256-Iadg51icc9Kc4cRhOCSNzZojaIlvv/dfmMdKRr4Yqfs=",
        "owner": "project-llzk",
        "repo": "llzk-lib",
        "rev": "ef159730c2645fc33829870599a1a8bbb95d4f8f",
        "type": "github"
      },
      "original": {
        "owner": "project-llzk",
        "ref": "th/llvm23",
        "repo": "llzk-lib",
        "type": "github"
      }
    },
    "llzk-pkgs": {
      "inputs": {
        "flake-utils": "flake-utils",
        "nixpkgs": "nixpkgs"
      },
      "locked": {
        "lastModified": 1790601405,
        "narHash": "sha256-sPiJiPDTU/FctVb07AQ3imucRfww7p/wFl7Hx7XczeY=",
        "owner": "project-llzk",
        "repo": "llzk-nix-pkgs",
        "rev": "1d4c392ac6f04d9db9453742f6bbb9d593e88d24",
        "type": "github"
      },
      "original": {
        "owner": "project-llzk",
        "ref": "th/llvm_23",
        "repo": "llzk-nix-pkgs",
        "type": "github"
      }
    },
    "nixpkgs": {
      "locked": {
        "lastModified": 1790055231,
        "narHash": "sha256-QpXotokGh5eeMG1Njiuh27oP0rK6t5+cMp7ymXSs7mc=",
        "owner": "NixOS",
        "repo": "nixpkgs",
        "rev": "b6c98e9e6633ee64753b594ff4a5febf0367fc00",
        "type": "github"
      },
      "original": {
        "owner": "NixOS",
        "ref": "nixpkgs-unstable",
        "repo": "nixpkgs",
        "type": "github"
      }
    },
    "release-helpers": {
      "inputs": {
        "flake-utils": [
          "llzk-lib",
          "llzk-pkgs",
          "flake-utils"
        ],
        "nixpkgs": [
          "llzk-lib",
          "llzk-pkgs",
          "nixpkgs"
        ]
      },
      "locked": {
        "lastModified": 1784668974,
        "narHash": "sha256-WjfX/vVZS9vyKpNuHqzwarjPpCGfkoNcJYFdUzB46+c=",
        "owner": "project-llzk",
        "repo": "open-source-release-helpers",
        "rev": "9566c25476fcea75c5e01a2aae42433de1b1c41a",
        "type": "github"
      },
      "original": {
        "owner": "project-llzk",
        "repo": "open-source-release-helpers",
        "type": "github"
      }
    },
    "root": {
      "inputs": {
        "flake-utils": [
          "llzk-pkgs",
          "flake-utils"
        ],
        "llzk-lib": "llzk-lib",
        "llzk-pkgs": "llzk-pkgs",
        "nixpkgs": [
          "llzk-pkgs",
          "nixpkgs"
        ],
        "release-helpers": [
          "llzk-lib",
          "release-helpers"
        ],
        "rust-overlay": "rust-overlay"
      }
    },
    "rust-overlay": {
      "inputs": {
        "nixpkgs": [
          "llzk-pkgs",
          "nixpkgs"
        ]
      },
      "locked": {
        "lastModified": 1790584267,
        "narHash": "sha256-NvjQLSztzad7ulLbvrYFKpz4pRrxZ34zKM7mTGEK1wk=",
        "owner": "oxalica",
        "repo": "rust-overlay",
        "rev": "3f4df219c0d9aa82710232324856755d51ef0b69",
        "type": "github"
      },
      "original": {
        "owner": "oxalica",
        "repo": "rust-overlay",
        "type": "github"
      }
    }
  },
  "root": "root",
  "version": 7
}
