{
  "nodes": {
    "flake-utils": {
      "locked": {
        "lastModified": 1652776076,
        "narHash": "sha256-gzTw/v1vj4dOVbpBSJX4J0DwUR6LIyXo7/SuuTJp1kM=",
        "owner": "numtide",
        "repo": "flake-utils",
        "rev": "04c1b180862888302ddfb2e3ad9eaa63afc60cf8",
        "type": "github"
      },
      "original": {
        "owner": "numtide",
        "ref": "v1.0.0",
        "repo": "flake-utils",
        "type": "github"
      }
    },
    "llzk-lib": {
      "inputs": {
        "flake-utils": [
          "llzk-pkgs",
          "flake-utils"
        ],
        "llzk-pkgs": [
          "llzk-pkgs"
        ],
        "nixpkgs": [
          "llzk-pkgs",
          "nixpkgs"
        ],
        "release-helpers": "release-helpers"
      },
      "locked": {
        "lastModified": 1791575959,
        "narHash": "sha256-xb3DdiJlCTqmEAZhPJIWRW/WY0Vtkem+gnSKwUGlTMQ=",
        "owner": "project-llzk",
        "repo": "llzk-lib",
        "rev": "afe52beab038408e3c72d9de48267b370969b928",
        "type": "github"
      },
      "original": {
        "owner": "project-llzk",
        "repo": "llzk-lib",
        "type": "github"
      }
    },
    "llzk-pkgs": {
      "inputs": {
        "flake-utils": "flake-utils",
        "nixpkgs": "nixpkgs"
      },
      "locked": {
        "lastModified": 1791573968,
        "narHash": "sha256-GAwvDYwH0R2WjkHVacEOCO0qER+MLF1ZDIYi9omMnOA=",
        "owner": "project-llzk",
        "repo": "llzk-nix-pkgs",
        "rev": "385833a355aa8894be28d954a94ed28ffaf4a525",
        "type": "github"
      },
      "original": {
        "owner": "project-llzk",
        "repo": "llzk-nix-pkgs",
        "type": "github"
      }
    },
    "nixpkgs": {
      "locked": {
        "lastModified": 1791366222,
        "narHash": "sha256-o0N4g6uSOIppU7CGToNvGlMf5vC+B6O6ukFHKY/TKOY=",
        "owner": "NixOS",
        "repo": "nixpkgs",
        "rev": "39ad350a0602fa0a58a544344e3e9187526ea45c",
        "type": "github"
      },
      "original": {
        "owner": "NixOS",
        "ref": "nixpkgs-unstable",
        "repo": "nixpkgs",
        "type": "github"
      }
    },
    "release-helpers": {
      "inputs": {
        "flake-utils": [
          "llzk-lib",
          "llzk-pkgs",
          "flake-utils"
        ],
        "nixpkgs": [
          "llzk-lib",
          "llzk-pkgs",
          "nixpkgs"
        ]
      },
      "locked": {
        "lastModified": 1784668974,
        "narHash": "sha256-WjfX/vVZS9vyKpNuHqzwarjPpCGfkoNcJYFdUzB46+c=",
        "owner": "project-llzk",
        "repo": "open-source-release-helpers",
        "rev": "9566c25476fcea75c5e01a2aae42433de1b1c41a",
        "type": "github"
      },
      "original": {
        "owner": "project-llzk",
        "repo": "open-source-release-helpers",
        "type": "github"
      }
    },
    "root": {
      "inputs": {
        "flake-utils": [
          "llzk-pkgs",
          "flake-utils"
        ],
        "llzk-lib": "llzk-lib",
        "llzk-pkgs": "llzk-pkgs",
        "nixpkgs": [
          "llzk-pkgs",
          "nixpkgs"
        ],
        "release-helpers": [
          "llzk-lib",
          "release-helpers"
        ],
        "rust-overlay": "rust-overlay"
      }
    },
    "rust-overlay": {
      "inputs": {
        "nixpkgs": [
          "llzk-pkgs",
          "nixpkgs"
        ]
      },
      "locked": {
        "lastModified": 1791535654,
        "narHash": "sha256-QFgGi6Wgh7AgqPFdAXEmkTgnR0B5M0omheIHvo/02dU=",
        "owner": "oxalica",
        "repo": "rust-overlay",
        "rev": "4ca2963243427cb86bd6b4d9ca6010db0162a619",
        "type": "github"
      },
      "original": {
        "owner": "oxalica",
        "repo": "rust-overlay",
        "type": "github"
      }
    }
  },
  "root": "root",
  "version": 7
}
